
Microsoft Visual Studio Solution File, Format Version 12.00
# Visual Studio Version 17
VisualStudioVersion = 17.5.33530.505
MinimumVisualStudioVersion = 10.0.40219.1
Project("{888888A0-9F3D-457C-B088-3A5042F75D52}") = "Austin's Fine Cuisines", "Austin's Fine Cuisines.pyproj", "{26C90891-BC93-48B9-BA33-A54E8D1BD42E}"
EndProject
Global
	GlobalSection(SolutionConfigurationPlatforms) = preSolution
		Debug|Any CPU = Debug|Any CPU
		Release|Any CPU = Release|Any CPU
	EndGlobalSection
	GlobalSection(ProjectConfigurationPlatforms) = postSolution
		{26C90891-BC93-48B9-BA33-A54E8D1BD42E}.Debug|Any CPU.ActiveCfg = Debug|Any CPU
		{26C90891-BC93-48B9-BA33-A54E8D1BD42E}.Release|Any CPU.ActiveCfg = Release|Any CPU
	EndGlobalSection
	GlobalSection(SolutionProperties) = preSolution
		HideSolutionNode = FALSE
	EndGlobalSection
	GlobalSection(ExtensibilityGlobals) = postSolution
		SolutionGuid = {AD5B0E93-7AD0-4A6E-87CF-687FAA64D41F}
	EndGlobalSection
EndGlobal
